<?xml version="1.0" encoding="utf-8"?>
<Project ToolsVersion="4.0" xmlns="http://schemas.microsoft.com/developer/msbuild/2003">
  <ItemGroup>
    <ClInclude Include="dev_array.h">
      <Filter>dev_array</Filter>
    </ClInclude>
    <ClInclude Include="matrix.h" />
    <ClInclude Include="network.h" />
    <ClInclude Include="Matrix Multiplication\matrix_multiplication.h">
      <Filter>matrix_multiplication</Filter>
    </ClInclude>
    <ClInclude Include="Activation Functions\activation_function.h">
      <Filter>Activation Functions</Filter>
    </ClInclude>
    <ClInclude Include="Activation Functions\logistic_function.h">
      <Filter>Activation Functions</Filter>
    </ClInclude>
    <ClInclude Include="Logging\log.h" />
    <ClInclude Include="Train Network\train_network.h">
      <Filter>Train Network</Filter>
    </ClInclude>
    <ClInclude Include="Forward Propagation\forward_propagate.h">
      <Filter>Forward Propagation</Filter>
    </ClInclude>
  </ItemGroup>
  <ItemGroup>
    <Filter Include="dev_array">
      <UniqueIdentifier>{e62b1212-f6b5-4bb6-868d-67254e93c052}</UniqueIdentifier>
    </Filter>
    <Filter Include="matrix_multiplication">
      <UniqueIdentifier>{b32141e7-25a3-4b02-839b-19cce7249859}</UniqueIdentifier>
    </Filter>
    <Filter Include="Activation Functions">
      <UniqueIdentifier>{f8b6ddc2-ee71-493c-8c03-47d65db4bf46}</UniqueIdentifier>
    </Filter>
    <Filter Include="Train Network">
      <UniqueIdentifier>{5bd79ccb-9a44-47bc-8a88-80fc12795b37}</UniqueIdentifier>
    </Filter>
    <Filter Include="Forward Propagation">
      <UniqueIdentifier>{15c7d2ba-9cf3-4fd3-9989-cc2cb4ac08fc}</UniqueIdentifier>
    </Filter>
  </ItemGroup>
  <ItemGroup>
    <CudaCompile Include="Matrix Multiplication\matrix_multiplication.cu">
      <Filter>matrix_multiplication</Filter>
    </CudaCompile>
  </ItemGroup>
  <ItemGroup>
    <ClCompile Include="Activation Functions\logistic_function.cpp">
      <Filter>Activation Functions</Filter>
    </ClCompile>
    <ClCompile Include="Logging\log.cpp" />
    <ClCompile Include="Train Network\train_network.cpp">
      <Filter>Train Network</Filter>
    </ClCompile>
    <ClCompile Include="Forward Propagation\forward_propagate.cpp">
      <Filter>Forward Propagation</Filter>
    </ClCompile>
  </ItemGroup>
</Project>